// !$*UTF8*$!
{
	archiveVersion = 1;
	classes = {
	};
	objectVersion = 55;
	objects = {

/* Begin PBXBuildFile section */
		B7478B9428CB79B800805F8E /* AppDelegate.swift in Sources */ = {isa = PBXBuildFile; fileRef = B7478B9328CB79B800805F8E /* AppDelegate.swift */; };
		B7478B9628CB79B800805F8E /* SceneDelegate.swift in Sources */ = {isa = PBXBuildFile; fileRef = B7478B9528CB79B800805F8E /* SceneDelegate.swift */; };
		B7478B9828CB79B800805F8E /* UsersView.swift in Sources */ = {isa = PBXBuildFile; fileRef = B7478B9728CB79B800805F8E /* UsersView.swift */; };
		B7478B9E28CB79B800805F8E /* CoreDataTask.xcdatamodeld in Sources */ = {isa = PBXBuildFile; fileRef = B7478B9C28CB79B800805F8E /* CoreDataTask.xcdatamodeld */; };
		B7478BA028CB79BA00805F8E /* Assets.xcassets in Resources */ = {isa = PBXBuildFile; fileRef = B7478B9F28CB79BA00805F8E /* Assets.xcassets */; };
		B7478BA328CB79BA00805F8E /* LaunchScreen.storyboard in Resources */ = {isa = PBXBuildFile; fileRef = B7478BA128CB79BA00805F8E /* LaunchScreen.storyboard */; };
		B7478BC928CF751000805F8E /* User.swift in Sources */ = {isa = PBXBuildFile; fileRef = B7478BC828CF751000805F8E /* User.swift */; };
		B7478BCF28CF77C200805F8E /* Storage.swift in Sources */ = {isa = PBXBuildFile; fileRef = B7478BCE28CF77C200805F8E /* Storage.swift */; };
		B7478BD228CF7CC700805F8E /* Date+Ext.swift in Sources */ = {isa = PBXBuildFile; fileRef = B7478BD128CF7CC700805F8E /* Date+Ext.swift */; };
		B7478BD428CF7D1F00805F8E /* String+Ext.swift in Sources */ = {isa = PBXBuildFile; fileRef = B7478BD328CF7D1F00805F8E /* String+Ext.swift */; };
		B7478BD628CF7EF900805F8E /* AssemblyModule.swift in Sources */ = {isa = PBXBuildFile; fileRef = B7478BD528CF7EF900805F8E /* AssemblyModule.swift */; };
		B7478BD828CF7FE600805F8E /* Router.swift in Sources */ = {isa = PBXBuildFile; fileRef = B7478BD728CF7FE600805F8E /* Router.swift */; };
		B7478BDA28CF80C800805F8E /* UsersModulePresenter.swift in Sources */ = {isa = PBXBuildFile; fileRef = B7478BD928CF80C800805F8E /* UsersModulePresenter.swift */; };
		B7478BDC28D05E3B00805F8E /* UsersViewController.swift in Sources */ = {isa = PBXBuildFile; fileRef = B7478BDB28D05E3B00805F8E /* UsersViewController.swift */; };
		B7478BDE28D0719000805F8E /* ViewController+Ext.swift in Sources */ = {isa = PBXBuildFile; fileRef = B7478BDD28D0719000805F8E /* ViewController+Ext.swift */; };
/* End PBXBuildFile section */

/* Begin PBXFileReference section */
		B7478B9028CB79B800805F8E /* CoreDataTask.app */ = {isa = PBXFileReference; explicitFileType = wrapper.application; includeInIndex = 0; path = CoreDataTask.app; sourceTree = BUILT_PRODUCTS_DIR; };
		B7478B9328CB79B800805F8E /* AppDelegate.swift */ = {isa = PBXFileReference; lastKnownFileType = sourcecode.swift; path = AppDelegate.swift; sourceTree = "<group>"; };
		B7478B9528CB79B800805F8E /* SceneDelegate.swift */ = {isa = PBXFileReference; lastKnownFileType = sourcecode.swift; path = SceneDelegate.swift; sourceTree = "<group>"; };
		B7478B9728CB79B800805F8E /* UsersView.swift */ = {isa = PBXFileReference; lastKnownFileType = sourcecode.swift; path = UsersView.swift; sourceTree = "<group>"; };
		B7478B9D28CB79B800805F8E /* CoreDataTask.xcdatamodel */ = {isa = PBXFileReference; lastKnownFileType = wrapper.xcdatamodel; path = CoreDataTask.xcdatamodel; sourceTree = "<group>"; };
		B7478B9F28CB79BA00805F8E /* Assets.xcassets */ = {isa = PBXFileReference; lastKnownFileType = folder.assetcatalog; path = Assets.xcassets; sourceTree = "<group>"; };
		B7478BA228CB79BA00805F8E /* Base */ = {isa = PBXFileReference; lastKnownFileType = file.storyboard; name = Base; path = Base.lproj/LaunchScreen.storyboard; sourceTree = "<group>"; };
		B7478BA428CB79BA00805F8E /* Info.plist */ = {isa = PBXFileReference; lastKnownFileType = text.plist.xml; path = Info.plist; sourceTree = "<group>"; };
		B7478BC828CF751000805F8E /* User.swift */ = {isa = PBXFileReference; lastKnownFileType = sourcecode.swift; path = User.swift; sourceTree = "<group>"; };
		B7478BCE28CF77C200805F8E /* Storage.swift */ = {isa = PBXFileReference; lastKnownFileType = sourcecode.swift; path = Storage.swift; sourceTree = "<group>"; };
		B7478BD128CF7CC700805F8E /* Date+Ext.swift */ = {isa = PBXFileReference; lastKnownFileType = sourcecode.swift; path = "Date+Ext.swift"; sourceTree = "<group>"; };
		B7478BD328CF7D1F00805F8E /* String+Ext.swift */ = {isa = PBXFileReference; lastKnownFileType = sourcecode.swift; path = "String+Ext.swift"; sourceTree = "<group>"; };
		B7478BD528CF7EF900805F8E /* AssemblyModule.swift */ = {isa = PBXFileReference; lastKnownFileType = sourcecode.swift; path = AssemblyModule.swift; sourceTree = "<group>"; };
		B7478BD728CF7FE600805F8E /* Router.swift */ = {isa = PBXFileReference; lastKnownFileType = sourcecode.swift; path = Router.swift; sourceTree = "<group>"; };
		B7478BD928CF80C800805F8E /* UsersModulePresenter.swift */ = {isa = PBXFileReference; lastKnownFileType = sourcecode.swift; path = UsersModulePresenter.swift; sourceTree = "<group>"; };
		B7478BDB28D05E3B00805F8E /* UsersViewController.swift */ = {isa = PBXFileReference; lastKnownFileType = sourcecode.swift; path = UsersViewController.swift; sourceTree = "<group>"; };
		B7478BDD28D0719000805F8E /* ViewController+Ext.swift */ = {isa = PBXFileReference; lastKnownFileType = sourcecode.swift; path = "ViewController+Ext.swift"; sourceTree = "<group>"; };
/* End PBXFileReference section */

/* Begin PBXFrameworksBuildPhase section */
		B7478B8D28CB79B800805F8E /* Frameworks */ = {
			isa = PBXFrameworksBuildPhase;
			buildActionMask = 2147483647;
			files = (
			);
			runOnlyForDeploymentPostprocessing = 0;
		};
/* End PBXFrameworksBuildPhase section */

/* Begin PBXGroup section */
		B7478B8728CB79B700805F8E = {
			isa = PBXGroup;
			children = (
				B7478B9228CB79B800805F8E /* CoreDataTask */,
				B7478B9128CB79B800805F8E /* Products */,
			);
			sourceTree = "<group>";
		};
		B7478B9128CB79B800805F8E /* Products */ = {
			isa = PBXGroup;
			children = (
				B7478B9028CB79B800805F8E /* CoreDataTask.app */,
			);
			name = Products;
			sourceTree = "<group>";
		};
		B7478B9228CB79B800805F8E /* CoreDataTask */ = {
			isa = PBXGroup;
			children = (
				B7478BAB28CB7A5800805F8E /* Resources */,
				B7478BAA28CB7A5100805F8E /* Sources */,
			);
			path = CoreDataTask;
			sourceTree = "<group>";
		};
		B7478BAA28CB7A5100805F8E /* Sources */ = {
			isa = PBXGroup;
			children = (
				B7478BD028CF7CB100805F8E /* Extensions */,
				B7478BCD28CF77B500805F8E /* Router */,
				B7478BCC28CF77AB00805F8E /* Services */,
				B7478BCB28CF779E00805F8E /* Assembly */,
				B7478BAD28CB7B5200805F8E /* Screens */,
				B7478BAC28CB7B3D00805F8E /* App */,
			);
			path = Sources;
			sourceTree = "<group>";
		};
		B7478BAB28CB7A5800805F8E /* Resources */ = {
			isa = PBXGroup;
			children = (
				B7478B9C28CB79B800805F8E /* CoreDataTask.xcdatamodeld */,
				B7478B9F28CB79BA00805F8E /* Assets.xcassets */,
				B7478BA128CB79BA00805F8E /* LaunchScreen.storyboard */,
				B7478BA428CB79BA00805F8E /* Info.plist */,
			);
			path = Resources;
			sourceTree = "<group>";
		};
		B7478BAC28CB7B3D00805F8E /* App */ = {
			isa = PBXGroup;
			children = (
				B7478B9328CB79B800805F8E /* AppDelegate.swift */,
				B7478B9528CB79B800805F8E /* SceneDelegate.swift */,
			);
			path = App;
			sourceTree = "<group>";
		};
		B7478BAD28CB7B5200805F8E /* Screens */ = {
			isa = PBXGroup;
			children = (
				B7478BC428CF74E300805F8E /* UseresModule */,
			);
			path = Screens;
			sourceTree = "<group>";
		};
		B7478BC428CF74E300805F8E /* UseresModule */ = {
			isa = PBXGroup;
			children = (
				B7478BC728CF750300805F8E /* Model */,
				B7478BC628CF74FB00805F8E /* View */,
				B7478BC528CF74F100805F8E /* Presenter */,
			);
			path = UseresModule;
			sourceTree = "<group>";
		};
		B7478BC528CF74F100805F8E /* Presenter */ = {
			isa = PBXGroup;
			children = (
				B7478BD928CF80C800805F8E /* UsersModulePresenter.swift */,
			);
			path = Presenter;
			sourceTree = "<group>";
		};
		B7478BC628CF74FB00805F8E /* View */ = {
			isa = PBXGroup;
			children = (
				B7478B9728CB79B800805F8E /* UsersView.swift */,
				B7478BDB28D05E3B00805F8E /* UsersViewController.swift */,
			);
			path = View;
			sourceTree = "<group>";
		};
		B7478BC728CF750300805F8E /* Model */ = {
			isa = PBXGroup;
			children = (
				B7478BC828CF751000805F8E /* User.swift */,
			);
			path = Model;
			sourceTree = "<group>";
		};
		B7478BCB28CF779E00805F8E /* Assembly */ = {
			isa = PBXGroup;
			children = (
				B7478BD528CF7EF900805F8E /* AssemblyModule.swift */,
			);
			path = Assembly;
			sourceTree = "<group>";
		};
		B7478BCC28CF77AB00805F8E /* Services */ = {
			isa = PBXGroup;
			children = (
				B7478BCE28CF77C200805F8E /* Storage.swift */,
			);
			path = Services;
			sourceTree = "<group>";
		};
		B7478BCD28CF77B500805F8E /* Router */ = {
			isa = PBXGroup;
			children = (
				B7478BD728CF7FE600805F8E /* Router.swift */,
			);
			path = Router;
			sourceTree = "<group>";
		};
		B7478BD028CF7CB100805F8E /* Extensions */ = {
			isa = PBXGroup;
			children = (
				B7478BD128CF7CC700805F8E /* Date+Ext.swift */,
				B7478BD328CF7D1F00805F8E /* String+Ext.swift */,
				B7478BDD28D0719000805F8E /* ViewController+Ext.swift */,
			);
			path = Extensions;
			sourceTree = "<group>";
		};
/* End PBXGroup section */

/* Begin PBXNativeTarget section */
		B7478B8F28CB79B800805F8E /* CoreDataTask */ = {
			isa = PBXNativeTarget;
			buildConfigurationList = B7478BA728CB79BA00805F8E /* Build configuration list for PBXNativeTarget "CoreDataTask" */;
			buildPhases = (
				B7478B8C28CB79B800805F8E /* Sources */,
				B7478B8D28CB79B800805F8E /* Frameworks */,
				B7478B8E28CB79B800805F8E /* Resources */,
			);
			buildRules = (
			);
			dependencies = (
			);
			name = CoreDataTask;
			productName = CoreDataTask;
			productReference = B7478B9028CB79B800805F8E /* CoreDataTask.app */;
			productType = "com.apple.product-type.application";
		};
/* End PBXNativeTarget section */

/* Begin PBXProject section */
		B7478B8828CB79B800805F8E /* Project object */ = {
			isa = PBXProject;
			attributes = {
				BuildIndependentTargetsInParallel = 1;
				LastSwiftUpdateCheck = 1340;
				LastUpgradeCheck = 1340;
				TargetAttributes = {
					B7478B8F28CB79B800805F8E = {
						CreatedOnToolsVersion = 13.4.1;
					};
				};
			};
			buildConfigurationList = B7478B8B28CB79B800805F8E /* Build configuration list for PBXProject "CoreDataTask" */;
			compatibilityVersion = "Xcode 13.0";
			developmentRegion = en;
			hasScannedForEncodings = 0;
			knownRegions = (
				en,
				Base,
			);
			mainGroup = B7478B8728CB79B700805F8E;
			productRefGroup = B7478B9128CB79B800805F8E /* Products */;
			projectDirPath = "";
			projectRoot = "";
			targets = (
				B7478B8F28CB79B800805F8E /* CoreDataTask */,
			);
		};
/* End PBXProject section */

/* Begin PBXResourcesBuildPhase section */
		B7478B8E28CB79B800805F8E /* Resources */ = {
			isa = PBXResourcesBuildPhase;
			buildActionMask = 2147483647;
			files = (
				B7478BA328CB79BA00805F8E /* LaunchScreen.storyboard in Resources */,
				B7478BA028CB79BA00805F8E /* Assets.xcassets in Resources */,
			);
			runOnlyForDeploymentPostprocessing = 0;
		};
/* End PBXResourcesBuildPhase section */

/* Begin PBXSourcesBuildPhase section */
		B7478B8C28CB79B800805F8E /* Sources */ = {
			isa = PBXSourcesBuildPhase;
			buildActionMask = 2147483647;
			files = (
				B7478BDE28D0719000805F8E /* ViewController+Ext.swift in Sources */,
				B7478B9828CB79B800805F8E /* UsersView.swift in Sources */,
				B7478BDC28D05E3B00805F8E /* UsersViewController.swift in Sources */,
				B7478B9428CB79B800805F8E /* AppDelegate.swift in Sources */,
				B7478BD828CF7FE600805F8E /* Router.swift in Sources */,
				B7478BDA28CF80C800805F8E /* UsersModulePresenter.swift in Sources */,
				B7478BD628CF7EF900805F8E /* AssemblyModule.swift in Sources */,
				B7478BC928CF751000805F8E /* User.swift in Sources */,
				B7478B9628CB79B800805F8E /* SceneDelegate.swift in Sources */,
				B7478B9E28CB79B800805F8E /* CoreDataTask.xcdatamodeld in Sources */,
				B7478BD228CF7CC700805F8E /* Date+Ext.swift in Sources */,
				B7478BD428CF7D1F00805F8E /* String+Ext.swift in Sources */,
				B7478BCF28CF77C200805F8E /* Storage.swift in Sources */,
			);
			runOnlyForDeploymentPostprocessing = 0;
		};
/* End PBXSourcesBuildPhase section */

/* Begin PBXVariantGroup section */
		B7478BA128CB79BA00805F8E /* LaunchScreen.storyboard */ = {
			isa = PBXVariantGroup;
			children = (
				B7478BA228CB79BA00805F8E /* Base */,
			);
			name = LaunchScreen.storyboard;
			sourceTree = "<group>";
		};
/* End PBXVariantGroup section */

/* Begin XCBuildConfiguration section */
		B7478BA528CB79BA00805F8E /* Debug */ = {
			isa = XCBuildConfiguration;
			buildSettings = {
				ALWAYS_SEARCH_USER_PATHS = NO;
				CLANG_ANALYZER_NONNULL = YES;
				CLANG_ANALYZER_NUMBER_OBJECT_CONVERSION = YES_AGGRESSIVE;
				CLANG_CXX_LANGUAGE_STANDARD = "gnu++17";
				CLANG_ENABLE_MODULES = YES;
				CLANG_ENABLE_OBJC_ARC = YES;
				CLANG_ENABLE_OBJC_WEAK = YES;
				CLANG_WARN_BLOCK_CAPTURE_AUTORELEASING = YES;
				CLANG_WARN_BOOL_CONVERSION = YES;
				CLANG_WARN_COMMA = YES;
				CLANG_WARN_CONSTANT_CONVERSION = YES;
				CLANG_WARN_DEPRECATED_OBJC_IMPLEMENTATIONS = YES;
				CLANG_WARN_DIRECT_OBJC_ISA_USAGE = YES_ERROR;
				CLANG_WARN_DOCUMENTATION_COMMENTS = YES;
				CLANG_WARN_EMPTY_BODY = YES;
				CLANG_WARN_ENUM_CONVERSION = YES;
				CLANG_WARN_INFINITE_RECURSION = YES;
				CLANG_WARN_INT_CONVERSION = YES;
				CLANG_WARN_NON_LITERAL_NULL_CONVERSION = YES;
				CLANG_WARN_OBJC_IMPLICIT_RETAIN_SELF = YES;
				CLANG_WARN_OBJC_LITERAL_CONVERSION = YES;
				CLANG_WARN_OBJC_ROOT_CLASS = YES_ERROR;
				CLANG_WARN_QUOTED_INCLUDE_IN_FRAMEWORK_HEADER = YES;
				CLANG_WARN_RANGE_LOOP_ANALYSIS = YES;
				CLANG_WARN_STRICT_PROTOTYPES = YES;
				CLANG_WARN_SUSPICIOUS_MOVE = YES;
				CLANG_WARN_UNGUARDED_AVAILABILITY = YES_AGGRESSIVE;
				CLANG_WARN_UNREACHABLE_CODE = YES;
				CLANG_WARN__DUPLICATE_METHOD_MATCH = YES;
				COPY_PHASE_STRIP = NO;
				DEBUG_INFORMATION_FORMAT = dwarf;
				ENABLE_STRICT_OBJC_MSGSEND = YES;
				ENABLE_TESTABILITY = YES;
				GCC_C_LANGUAGE_STANDARD = gnu11;
				GCC_DYNAMIC_NO_PIC = NO;
				GCC_NO_COMMON_BLOCKS = YES;
				GCC_OPTIMIZATION_LEVEL = 0;
				GCC_PREPROCESSOR_DEFINITIONS = (
					"DEBUG=1",
					"$(inherited)",
				);
				GCC_WARN_64_TO_32_BIT_CONVERSION = YES;
				GCC_WARN_ABOUT_RETURN_TYPE = YES_ERROR;
				GCC_WARN_UNDECLARED_SELECTOR = YES;
				GCC_WARN_UNINITIALIZED_AUTOS = YES_AGGRESSIVE;
				GCC_WARN_UNUSED_FUNCTION = YES;
				GCC_WARN_UNUSED_VARIABLE = YES;
				IPHONEOS_DEPLOYMENT_TARGET = 15.5;
				MTL_ENABLE_DEBUG_INFO = INCLUDE_SOURCE;
				MTL_FAST_MATH = YES;
				ONLY_ACTIVE_ARCH = YES;
				SDKROOT = iphoneos;
				SWIFT_ACTIVE_COMPILATION_CONDITIONS = DEBUG;
				SWIFT_OPTIMIZATION_LEVEL = "-Onone";
			};
			name = Debug;
		};
		B7478BA628CB79BA00805F8E /* Release */ = {
			isa = XCBuildConfiguration;
			buildSettings = {
				ALWAYS_SEARCH_USER_PATHS = NO;
				CLANG_ANALYZER_NONNULL = YES;
				CLANG_ANALYZER_NUMBER_OBJECT_CONVERSION = YES_AGGRESSIVE;
				CLANG_CXX_LANGUAGE_STANDARD = "gnu++17";
				CLANG_ENABLE_MODULES = YES;
				CLANG_ENABLE_OBJC_ARC = YES;
				CLANG_ENABLE_OBJC_WEAK = YES;
				CLANG_WARN_BLOCK_CAPTURE_AUTORELEASING = YES;
				CLANG_WARN_BOOL_CONVERSION = YES;
				CLANG_WARN_COMMA = YES;
				CLANG_WARN_CONSTANT_CONVERSION = YES;
				CLANG_WARN_DEPRECATED_OBJC_IMPLEMENTATIONS = YES;
				CLANG_WARN_DIRECT_OBJC_ISA_USAGE = YES_ERROR;
				CLANG_WARN_DOCUMENTATION_COMMENTS = YES;
				CLANG_WARN_EMPTY_BODY = YES;
				CLANG_WARN_ENUM_CONVERSION = YES;
				CLANG_WARN_INFINITE_RECURSION = YES;
				CLANG_WARN_INT_CONVERSION = YES;
				CLANG_WARN_NON_LITERAL_NULL_CONVERSION = YES;
				CLANG_WARN_OBJC_IMPLICIT_RETAIN_SELF = YES;
				CLANG_WARN_OBJC_LITERAL_CONVERSION = YES;
				CLANG_WARN_OBJC_ROOT_CLASS = YES_ERROR;
				CLANG_WARN_QUOTED_INCLUDE_IN_FRAMEWORK_HEADER = YES;
				CLANG_WARN_RANGE_LOOP_ANALYSIS = YES;
				CLANG_WARN_STRICT_PROTOTYPES = YES;
				CLANG_WARN_SUSPICIOUS_MOVE = YES;
				CLANG_WARN_UNGUARDED_AVAILABILITY = YES_AGGRESSIVE;
				CLANG_WARN_UNREACHABLE_CODE = YES;
				CLANG_WARN__DUPLICATE_METHOD_MATCH = YES;
				COPY_PHASE_STRIP = NO;
				DEBUG_INFORMATION_FORMAT = "dwarf-with-dsym";
				ENABLE_NS_ASSERTIONS = NO;
				ENABLE_STRICT_OBJC_MSGSEND = YES;
				GCC_C_LANGUAGE_STANDARD = gnu11;
				GCC_NO_COMMON_BLOCKS = YES;
				GCC_WARN_64_TO_32_BIT_CONVERSION = YES;
				GCC_WARN_ABOUT_RETURN_TYPE = YES_ERROR;
				GCC_WARN_UNDECLARED_SELECTOR = YES;
				GCC_WARN_UNINITIALIZED_AUTOS = YES_AGGRESSIVE;
				GCC_WARN_UNUSED_FUNCTION = YES;
				GCC_WARN_UNUSED_VARIABLE = YES;
				IPHONEOS_DEPLOYMENT_TARGET = 15.5;
				MTL_ENABLE_DEBUG_INFO = NO;
				MTL_FAST_MATH = YES;
				SDKROOT = iphoneos;
				SWIFT_COMPILATION_MODE = wholemodule;
				SWIFT_OPTIMIZATION_LEVEL = "-O";
				VALIDATE_PRODUCT = YES;
			};
			name = Release;
		};
		B7478BA828CB79BA00805F8E /* Debug */ = {
			isa = XCBuildConfiguration;
			buildSettings = {
				ASSETCATALOG_COMPILER_APPICON_NAME = AppIcon;
				ASSETCATALOG_COMPILER_GLOBAL_ACCENT_COLOR_NAME = AccentColor;
				CODE_SIGN_STYLE = Automatic;
				CURRENT_PROJECT_VERSION = 1;
				DEVELOPMENT_TEAM = 76MQ9WGJQ4;
				GENERATE_INFOPLIST_FILE = YES;
				INFOPLIST_FILE = CoreDataTask/Resources/Info.plist;
				INFOPLIST_KEY_UIApplicationSupportsIndirectInputEvents = YES;
				INFOPLIST_KEY_UILaunchStoryboardName = LaunchScreen;
				INFOPLIST_KEY_UISupportedInterfaceOrientations_iPad = "UIInterfaceOrientationPortrait UIInterfaceOrientationPortraitUpsideDown UIInterfaceOrientationLandscapeLeft UIInterfaceOrientationLandscapeRight";
				INFOPLIST_KEY_UISupportedInterfaceOrientations_iPhone = "UIInterfaceOrientationPortrait UIInterfaceOrientationLandscapeLeft UIInterfaceOrientationLandscapeRight";
				LD_RUNPATH_SEARCH_PATHS = (
					"$(inherited)",
					"@executable_path/Frameworks",
				);
				MARKETING_VERSION = 1.0;
				PRODUCT_BUNDLE_IDENTIFIER = R1no933.CoreDataTask;
				PRODUCT_NAME = "$(TARGET_NAME)";
				SWIFT_EMIT_LOC_STRINGS = YES;
				SWIFT_VERSION = 5.0;
				TARGETED_DEVICE_FAMILY = "1,2";
			};
			name = Debug;
		};
		B7478BA928CB79BA00805F8E /* Release */ = {
			isa = XCBuildConfiguration;
			buildSettings = {
				ASSETCATALOG_COMPILER_APPICON_NAME = AppIcon;
				ASSETCATALOG_COMPILER_GLOBAL_ACCENT_COLOR_NAME = AccentColor;
				CODE_SIGN_STYLE = Automatic;
				CURRENT_PROJECT_VERSION = 1;
				DEVELOPMENT_TEAM = 76MQ9WGJQ4;
				GENERATE_INFOPLIST_FILE = YES;
				INFOPLIST_FILE = CoreDataTask/Resources/Info.plist;
				INFOPLIST_KEY_UIApplicationSupportsIndirectInputEvents = YES;
				INFOPLIST_KEY_UILaunchStoryboardName = LaunchScreen;
				INFOPLIST_KEY_UISupportedInterfaceOrientations_iPad = "UIInterfaceOrientationPortrait UIInterfaceOrientationPortraitUpsideDown UIInterfaceOrientationLandscapeLeft UIInterfaceOrientationLandscapeRight";
				INFOPLIST_KEY_UISupportedInterfaceOrientations_iPhone = "UIInterfaceOrientationPortrait UIInterfaceOrientationLandscapeLeft UIInterfaceOrientationLandscapeRight";
				LD_RUNPATH_SEARCH_PATHS = (
					"$(inherited)",
					"@executable_path/Frameworks",
				);
				MARKETING_VERSION = 1.0;
				PRODUCT_BUNDLE_IDENTIFIER = R1no933.CoreDataTask;
				PRODUCT_NAME = "$(TARGET_NAME)";
				SWIFT_EMIT_LOC_STRINGS = YES;
				SWIFT_VERSION = 5.0;
				TARGETED_DEVICE_FAMILY = "1,2";
			};
			name = Release;
		};
/* End XCBuildConfiguration section */

/* Begin XCConfigurationList section */
		B7478B8B28CB79B800805F8E /* Build configuration list for PBXProject "CoreDataTask" */ = {
			isa = XCConfigurationList;
			buildConfigurations = (
				B7478BA528CB79BA00805F8E /* Debug */,
				B7478BA628CB79BA00805F8E /* Release */,
			);
			defaultConfigurationIsVisible = 0;
			defaultConfigurationName = Release;
		};
		B7478BA728CB79BA00805F8E /* Build configuration list for PBXNativeTarget "CoreDataTask" */ = {
			isa = XCConfigurationList;
			buildConfigurations = (
				B7478BA828CB79BA00805F8E /* Debug */,
				B7478BA928CB79BA00805F8E /* Release */,
			);
			defaultConfigurationIsVisible = 0;
			defaultConfigurationName = Release;
		};
/* End XCConfigurationList section */

/* Begin XCVersionGroup section */
		B7478B9C28CB79B800805F8E /* CoreDataTask.xcdatamodeld */ = {
			isa = XCVersionGroup;
			children = (
				B7478B9D28CB79B800805F8E /* CoreDataTask.xcdatamodel */,
			);
			currentVersion = B7478B9D28CB79B800805F8E /* CoreDataTask.xcdatamodel */;
			path = CoreDataTask.xcdatamodeld;
			sourceTree = "<group>";
			versionGroupType = wrapper.xcdatamodel;
		};
/* End XCVersionGroup section */
	};
	rootObject = B7478B8828CB79B800805F8E /* Project object */;
}
